
Microsoft Visual Studio Solution File, Format Version 12.00
# Visual Studio Version 17
VisualStudioVersion = 17.5.002.0
MinimumVisualStudioVersion = 10.0.40219.1
Project("{9A19103F-16F7-4668-BE54-9A1E7A4F7556}") = "PlatformService", "PlatformService.csproj", "{FDC27C17-776A-4A41-83F4-642485162DF6}"
EndProject
Global
	GlobalSection(SolutionConfigurationPlatforms) = preSolution
		Debug|Any CPU = Debug|Any CPU
		Release|Any CPU = Release|Any CPU
	EndGlobalSection
	GlobalSection(ProjectConfigurationPlatforms) = postSolution
		{FDC27C17-776A-4A41-83F4-642485162DF6}.Debug|Any CPU.ActiveCfg = Debug|Any CPU
		{FDC27C17-776A-4A41-83F4-642485162DF6}.Debug|Any CPU.Build.0 = Debug|Any CPU
		{FDC27C17-776A-4A41-83F4-642485162DF6}.Release|Any CPU.ActiveCfg = Release|Any CPU
		{FDC27C17-776A-4A41-83F4-642485162DF6}.Release|Any CPU.Build.0 = Release|Any CPU
	EndGlobalSection
	GlobalSection(SolutionProperties) = preSolution
		HideSolutionNode = FALSE
	EndGlobalSection
	GlobalSection(ExtensibilityGlobals) = postSolution
		SolutionGuid = {24CD4778-ADF9-4DA6-96AA-A1FFC8DEC145}
	EndGlobalSection
EndGlobal
